
Microsoft Visual Studio Solution File, Format Version 12.00
# Visual Studio 15
VisualStudioVersion = 15.0.28010.2016
MinimumVisualStudioVersion = 10.0.40219.1
Project("{FAE04EC0-301F-11D3-BF4B-00C04F79EFBC}") = "dups", "dups\dups.csproj", "{0D2F26BE-B5FE-436E-A720-67B1F970DCCA}"
EndProject
Global
	GlobalSection(SolutionConfigurationPlatforms) = preSolution
		Debug|Any CPU = Debug|Any CPU
		Release|Any CPU = Release|Any CPU
	EndGlobalSection
	GlobalSection(ProjectConfigurationPlatforms) = postSolution
		{0D2F26BE-B5FE-436E-A720-67B1F970DCCA}.Debug|Any CPU.ActiveCfg = Debug|Any CPU
		{0D2F26BE-B5FE-436E-A720-67B1F970DCCA}.Debug|Any CPU.Build.0 = Debug|Any CPU
		{0D2F26BE-B5FE-436E-A720-67B1F970DCCA}.Release|Any CPU.ActiveCfg = Release|Any CPU
		{0D2F26BE-B5FE-436E-A720-67B1F970DCCA}.Release|Any CPU.Build.0 = Release|Any CPU
	EndGlobalSection
	GlobalSection(SolutionProperties) = preSolution
		HideSolutionNode = FALSE
	EndGlobalSection
	GlobalSection(ExtensibilityGlobals) = postSolution
		SolutionGuid = {74A91F91-DACC-4822-B4E8-2161A78E2491}
	EndGlobalSection
EndGlobal
